
Microsoft Visual Studio Solution File, Format Version 12.00
Project("{FAE04EC0-301F-11D3-BF4B-00C04F79EFBC}") = "Task2_1_1", "Task2_1_1\Task2_1_1.csproj", "{B73989FD-1F2F-4B07-AB20-3096BB67D3B3}"
EndProject
Project("{FAE04EC0-301F-11D3-BF4B-00C04F79EFBC}") = "Task2_1_2", "Task2_1_2\Task2_1_2.csproj", "{488FB455-632B-4866-B957-B6BC8948EDD7}"
EndProject
Project("{FAE04EC0-301F-11D3-BF4B-00C04F79EFBC}") = "Task2_1_3", "Task2_1_3\Task2_1_3.csproj", "{21980362-D5B1-4F1C-9961-C6929799F18B}"
EndProject
Project("{FAE04EC0-301F-11D3-BF4B-00C04F79EFBC}") = "Task2_2_1", "Task2_2_1\Task2_2_1.csproj", "{9923C1ED-F76B-4C91-BD7B-9F4180BA0AB7}"
EndProject
Project("{FAE04EC0-301F-11D3-BF4B-00C04F79EFBC}") = "Task2_2_2", "Task2_2_2\Task2_2_2.csproj", "{C9353BDC-D0AD-45B0-A8EE-96236A3DD8C8}"
EndProject
Project("{FAE04EC0-301F-11D3-BF4B-00C04F79EFBC}") = "Task2_2_3", "Task2_2_3\Task2_2_3.csproj", "{68CB35D0-6705-4C6D-BD7D-E4686FD186D7}"
EndProject
Project("{FAE04EC0-301F-11D3-BF4B-00C04F79EFBC}") = "Task2_2_4", "Task2_2_4\Task2_2_4.csproj", "{EE56FB86-D887-490C-961B-94EFA8BFB1AF}"
EndProject
Project("{FAE04EC0-301F-11D3-BF4B-00C04F79EFBC}") = "Task2_2_5", "Task2_2_5\Task2_2_5.csproj", "{8CECAAA0-C81A-47D7-BAA3-EE00652EF21F}"
EndProject
Project("{FAE04EC0-301F-11D3-BF4B-00C04F79EFBC}") = "Task2_3_1", "Task2_3_1\Task2_3_1.csproj", "{8F9F092A-E5E3-46F8-ACDE-F41D058B19EA}"
EndProject
Project("{FAE04EC0-301F-11D3-BF4B-00C04F79EFBC}") = "Task2_3_2", "Task2_3_2\Task2_3_2.csproj", "{1240C918-119A-4D58-9165-3B42FABFB3E0}"
EndProject
Project("{FAE04EC0-301F-11D3-BF4B-00C04F79EFBC}") = "Task2_3_3", "Task2_3_3\Task2_3_3.csproj", "{88CDD364-BF4C-42EF-8769-AD6A22594B80}"
EndProject
Project("{FAE04EC0-301F-11D3-BF4B-00C04F79EFBC}") = "Task2_4_1", "Task2_4_1\Task2_4_1.csproj", "{8A8EB476-E628-473E-99BD-88BEBA79B1F8}"
EndProject
Global
	GlobalSection(SolutionConfigurationPlatforms) = preSolution
		Debug|Any CPU = Debug|Any CPU
		Release|Any CPU = Release|Any CPU
	EndGlobalSection
	GlobalSection(ProjectConfigurationPlatforms) = postSolution
		{B73989FD-1F2F-4B07-AB20-3096BB67D3B3}.Debug|Any CPU.ActiveCfg = Debug|Any CPU
		{B73989FD-1F2F-4B07-AB20-3096BB67D3B3}.Debug|Any CPU.Build.0 = Debug|Any CPU
		{B73989FD-1F2F-4B07-AB20-3096BB67D3B3}.Release|Any CPU.ActiveCfg = Release|Any CPU
		{B73989FD-1F2F-4B07-AB20-3096BB67D3B3}.Release|Any CPU.Build.0 = Release|Any CPU
		{488FB455-632B-4866-B957-B6BC8948EDD7}.Debug|Any CPU.ActiveCfg = Debug|Any CPU
		{488FB455-632B-4866-B957-B6BC8948EDD7}.Debug|Any CPU.Build.0 = Debug|Any CPU
		{488FB455-632B-4866-B957-B6BC8948EDD7}.Release|Any CPU.ActiveCfg = Release|Any CPU
		{488FB455-632B-4866-B957-B6BC8948EDD7}.Release|Any CPU.Build.0 = Release|Any CPU
		{21980362-D5B1-4F1C-9961-C6929799F18B}.Debug|Any CPU.ActiveCfg = Debug|Any CPU
		{21980362-D5B1-4F1C-9961-C6929799F18B}.Debug|Any CPU.Build.0 = Debug|Any CPU
		{21980362-D5B1-4F1C-9961-C6929799F18B}.Release|Any CPU.ActiveCfg = Release|Any CPU
		{21980362-D5B1-4F1C-9961-C6929799F18B}.Release|Any CPU.Build.0 = Release|Any CPU
		{9923C1ED-F76B-4C91-BD7B-9F4180BA0AB7}.Debug|Any CPU.ActiveCfg = Debug|Any CPU
		{9923C1ED-F76B-4C91-BD7B-9F4180BA0AB7}.Debug|Any CPU.Build.0 = Debug|Any CPU
		{9923C1ED-F76B-4C91-BD7B-9F4180BA0AB7}.Release|Any CPU.ActiveCfg = Release|Any CPU
		{9923C1ED-F76B-4C91-BD7B-9F4180BA0AB7}.Release|Any CPU.Build.0 = Release|Any CPU
		{C9353BDC-D0AD-45B0-A8EE-96236A3DD8C8}.Debug|Any CPU.ActiveCfg = Debug|Any CPU
		{C9353BDC-D0AD-45B0-A8EE-96236A3DD8C8}.Debug|Any CPU.Build.0 = Debug|Any CPU
		{C9353BDC-D0AD-45B0-A8EE-96236A3DD8C8}.Release|Any CPU.ActiveCfg = Release|Any CPU
		{C9353BDC-D0AD-45B0-A8EE-96236A3DD8C8}.Release|Any CPU.Build.0 = Release|Any CPU
		{68CB35D0-6705-4C6D-BD7D-E4686FD186D7}.Debug|Any CPU.ActiveCfg = Debug|Any CPU
		{68CB35D0-6705-4C6D-BD7D-E4686FD186D7}.Debug|Any CPU.Build.0 = Debug|Any CPU
		{68CB35D0-6705-4C6D-BD7D-E4686FD186D7}.Release|Any CPU.ActiveCfg = Release|Any CPU
		{68CB35D0-6705-4C6D-BD7D-E4686FD186D7}.Release|Any CPU.Build.0 = Release|Any CPU
		{EE56FB86-D887-490C-961B-94EFA8BFB1AF}.Debug|Any CPU.ActiveCfg = Debug|Any CPU
		{EE56FB86-D887-490C-961B-94EFA8BFB1AF}.Debug|Any CPU.Build.0 = Debug|Any CPU
		{EE56FB86-D887-490C-961B-94EFA8BFB1AF}.Release|Any CPU.ActiveCfg = Release|Any CPU
		{EE56FB86-D887-490C-961B-94EFA8BFB1AF}.Release|Any CPU.Build.0 = Release|Any CPU
		{8CECAAA0-C81A-47D7-BAA3-EE00652EF21F}.Debug|Any CPU.ActiveCfg = Debug|Any CPU
		{8CECAAA0-C81A-47D7-BAA3-EE00652EF21F}.Debug|Any CPU.Build.0 = Debug|Any CPU
		{8CECAAA0-C81A-47D7-BAA3-EE00652EF21F}.Release|Any CPU.ActiveCfg = Release|Any CPU
		{8CECAAA0-C81A-47D7-BAA3-EE00652EF21F}.Release|Any CPU.Build.0 = Release|Any CPU
		{8F9F092A-E5E3-46F8-ACDE-F41D058B19EA}.Debug|Any CPU.ActiveCfg = Debug|Any CPU
		{8F9F092A-E5E3-46F8-ACDE-F41D058B19EA}.Debug|Any CPU.Build.0 = Debug|Any CPU
		{8F9F092A-E5E3-46F8-ACDE-F41D058B19EA}.Release|Any CPU.ActiveCfg = Release|Any CPU
		{8F9F092A-E5E3-46F8-ACDE-F41D058B19EA}.Release|Any CPU.Build.0 = Release|Any CPU
		{1240C918-119A-4D58-9165-3B42FABFB3E0}.Debug|Any CPU.ActiveCfg = Debug|Any CPU
		{1240C918-119A-4D58-9165-3B42FABFB3E0}.Debug|Any CPU.Build.0 = Debug|Any CPU
		{1240C918-119A-4D58-9165-3B42FABFB3E0}.Release|Any CPU.ActiveCfg = Release|Any CPU
		{1240C918-119A-4D58-9165-3B42FABFB3E0}.Release|Any CPU.Build.0 = Release|Any CPU
		{88CDD364-BF4C-42EF-8769-AD6A22594B80}.Debug|Any CPU.ActiveCfg = Debug|Any CPU
		{88CDD364-BF4C-42EF-8769-AD6A22594B80}.Debug|Any CPU.Build.0 = Debug|Any CPU
		{88CDD364-BF4C-42EF-8769-AD6A22594B80}.Release|Any CPU.ActiveCfg = Release|Any CPU
		{88CDD364-BF4C-42EF-8769-AD6A22594B80}.Release|Any CPU.Build.0 = Release|Any CPU
		{8A8EB476-E628-473E-99BD-88BEBA79B1F8}.Debug|Any CPU.ActiveCfg = Debug|Any CPU
		{8A8EB476-E628-473E-99BD-88BEBA79B1F8}.Debug|Any CPU.Build.0 = Debug|Any CPU
		{8A8EB476-E628-473E-99BD-88BEBA79B1F8}.Release|Any CPU.ActiveCfg = Release|Any CPU
		{8A8EB476-E628-473E-99BD-88BEBA79B1F8}.Release|Any CPU.Build.0 = Release|Any CPU
	EndGlobalSection
EndGlobal
